
Microsoft Visual Studio Solution File, Format Version 12.00
# Visual Studio 15
VisualStudioVersion = 15.0.27004.2002
MinimumVisualStudioVersion = 10.0.40219.1
Project("{FAE04EC0-301F-11D3-BF4B-00C04F79EFBC}") = "IO.Ably.AlternativeTransports.WebSocket4Net", "IO.Ably.AlternativeTransports.WebSockets4Net\IO.Ably.AlternativeTransports.WebSocket4Net.csproj", "{9FD96D61-48F9-4C3A-8027-40C411521BB1}"
EndProject
Global
	GlobalSection(SolutionConfigurationPlatforms) = preSolution
		Debug|Any CPU = Debug|Any CPU
		Release|Any CPU = Release|Any CPU
	EndGlobalSection
	GlobalSection(ProjectConfigurationPlatforms) = postSolution
		{9FD96D61-48F9-4C3A-8027-40C411521BB1}.Debug|Any CPU.ActiveCfg = Debug|Any CPU
		{9FD96D61-48F9-4C3A-8027-40C411521BB1}.Debug|Any CPU.Build.0 = Debug|Any CPU
		{9FD96D61-48F9-4C3A-8027-40C411521BB1}.Release|Any CPU.ActiveCfg = Release|Any CPU
		{9FD96D61-48F9-4C3A-8027-40C411521BB1}.Release|Any CPU.Build.0 = Release|Any CPU
	EndGlobalSection
	GlobalSection(SolutionProperties) = preSolution
		HideSolutionNode = FALSE
	EndGlobalSection
	GlobalSection(ExtensibilityGlobals) = postSolution
		SolutionGuid = {28450092-BF76-4014-B061-AB1BB91B2CF6}
	EndGlobalSection
EndGlobal
